
Microsoft Visual Studio Solution File, Format Version 12.00
Project("{FAE04EC0-301F-11D3-BF4B-00C04F79EFBC}") = "Elsa.Server", "src\Elsa.Server\Elsa.Server.csproj", "{1D4AB4A9-4B35-45D3-9B2B-F0AF514D4623}"
EndProject
Global
	GlobalSection(SolutionConfigurationPlatforms) = preSolution
		Debug|Any CPU = Debug|Any CPU
		Release|Any CPU = Release|Any CPU
	EndGlobalSection
	GlobalSection(ProjectConfigurationPlatforms) = postSolution
		{1D4AB4A9-4B35-45D3-9B2B-F0AF514D4623}.Debug|Any CPU.ActiveCfg = Debug|Any CPU
		{1D4AB4A9-4B35-45D3-9B2B-F0AF514D4623}.Debug|Any CPU.Build.0 = Debug|Any CPU
		{1D4AB4A9-4B35-45D3-9B2B-F0AF514D4623}.Release|Any CPU.ActiveCfg = Release|Any CPU
		{1D4AB4A9-4B35-45D3-9B2B-F0AF514D4623}.Release|Any CPU.Build.0 = Release|Any CPU
	EndGlobalSection
EndGlobal
